
Microsoft Visual Studio Solution File, Format Version 12.00
# Visual Studio 15
VisualStudioVersion = 15.0.28010.2016
MinimumVisualStudioVersion = 10.0.40219.1
Project("{FAE04EC0-301F-11D3-BF4B-00C04F79EFBC}") = "WpfApp1", "WpfApp1\WpfApp1.csproj", "{CA7925EF-400B-4F18-8F47-8BB68E5BC7F6}"
EndProject
Global
	GlobalSection(SolutionConfigurationPlatforms) = preSolution
		Debug|Any CPU = Debug|Any CPU
		Release|Any CPU = Release|Any CPU
	EndGlobalSection
	GlobalSection(ProjectConfigurationPlatforms) = postSolution
		{CA7925EF-400B-4F18-8F47-8BB68E5BC7F6}.Debug|Any CPU.ActiveCfg = Debug|Any CPU
		{CA7925EF-400B-4F18-8F47-8BB68E5BC7F6}.Debug|Any CPU.Build.0 = Debug|Any CPU
		{CA7925EF-400B-4F18-8F47-8BB68E5BC7F6}.Release|Any CPU.ActiveCfg = Release|Any CPU
		{CA7925EF-400B-4F18-8F47-8BB68E5BC7F6}.Release|Any CPU.Build.0 = Release|Any CPU
	EndGlobalSection
	GlobalSection(SolutionProperties) = preSolution
		HideSolutionNode = FALSE
	EndGlobalSection
	GlobalSection(ExtensibilityGlobals) = postSolution
		SolutionGuid = {DA635825-0359-4EBC-BB28-01F89DBFD4DD}
	EndGlobalSection
EndGlobal
